{
  "name": "lg_display",
  "version": "1.0.6",
  "lockfileVersion": 1,
  "requires": true,
  "dependencies": {
    "snmp-native": {
      "version": "1.2.0",
      "resolved": "https://registry.npmjs.org/snmp-native/-/snmp-native-1.2.0.tgz",
      "integrity": "sha512-JIyuLX3bQmuAI4gHztHSQd3M/M2hqgLhiHBZYEk8YnYRJ2ooxqwON4gUQfgp/WCZVDca4tIX3vFJgv6lz5iY+g=="
    },
    "wol": {
      "version": "1.0.6",
      "resolved": "https://registry.npmjs.org/wol/-/wol-1.0.6.tgz",
      "integrity": "sha512-Pwz9NeCSw93PLW8IkR5i/TfvUuZKlkCv5QK1ccmr2s9dKcI9ssDmezGyH4oLDTkGSq0b5Cj1hPI8/lVQwZpuxQ=="
    }
  }
}
