{
  "name": "biamp_tesira",
  "version": "1.0.0-beta.3",
  "lockfileVersion": 1,
  "requires": true,
  "dependencies": {
    "bluebird": {
      "version": "3.5.3",
      "resolved": "https://registry.npmjs.org/bluebird/-/bluebird-3.5.3.tgz",
      "integrity": "sha512-/qKPUQlaW1OyR51WeCPBvRnAlnZFUJkCSG5HzGnuIqhgyJtF+T94lFnn33eiazjRm2LAHVy2guNnaq48X9SJuw=="
    },
    "telnet-client": {
      "version": "0.16.2",
      "resolved": "https://registry.npmjs.org/telnet-client/-/telnet-client-0.16.2.tgz",
      "integrity": "sha512-GMaB8GT765jZf2o/kO/E9LbtyqgCARvYx1WBlK6DgpoMdIk74ITiU5ZRlRqUCla11qxQvFQCdZu1ScTm4WJEPQ==",
      "requires": {
        "bluebird": "3.5.x"
      }
    }
  }
}
